
Microsoft Visual Studio Solution File, Format Version 12.00
# Visual Studio 15
VisualStudioVersion = 15.0.27130.2027
MinimumVisualStudioVersion = 10.0.40219.1
Project("{9A19103F-16F7-4668-BE54-9A1E7A4F7556}") = "LibraryProject", "LibraryProject\LibraryProject.csproj", "{DF88FC28-7E57-497A-8C17-0965956E45FE}"
EndProject
Project("{9A19103F-16F7-4668-BE54-9A1E7A4F7556}") = "LibraryData", "LibraryData\LibraryData.csproj", "{12CFB773-96E0-4BA4-B5D9-22C764753561}"
EndProject
Project("{9A19103F-16F7-4668-BE54-9A1E7A4F7556}") = "LibraryServices", "LibraryServices\LibraryServices.csproj", "{2BCEACE8-3E0B-4A2D-A115-F5034EFC5337}"
EndProject
Global
	GlobalSection(SolutionConfigurationPlatforms) = preSolution
		Debug|Any CPU = Debug|Any CPU
		Release|Any CPU = Release|Any CPU
	EndGlobalSection
	GlobalSection(ProjectConfigurationPlatforms) = postSolution
		{DF88FC28-7E57-497A-8C17-0965956E45FE}.Debug|Any CPU.ActiveCfg = Debug|Any CPU
		{DF88FC28-7E57-497A-8C17-0965956E45FE}.Debug|Any CPU.Build.0 = Debug|Any CPU
		{DF88FC28-7E57-497A-8C17-0965956E45FE}.Release|Any CPU.ActiveCfg = Release|Any CPU
		{DF88FC28-7E57-497A-8C17-0965956E45FE}.Release|Any CPU.Build.0 = Release|Any CPU
		{12CFB773-96E0-4BA4-B5D9-22C764753561}.Debug|Any CPU.ActiveCfg = Release|Any CPU
		{12CFB773-96E0-4BA4-B5D9-22C764753561}.Debug|Any CPU.Build.0 = Release|Any CPU
		{12CFB773-96E0-4BA4-B5D9-22C764753561}.Release|Any CPU.ActiveCfg = Release|Any CPU
		{12CFB773-96E0-4BA4-B5D9-22C764753561}.Release|Any CPU.Build.0 = Release|Any CPU
		{2BCEACE8-3E0B-4A2D-A115-F5034EFC5337}.Debug|Any CPU.ActiveCfg = Debug|Any CPU
		{2BCEACE8-3E0B-4A2D-A115-F5034EFC5337}.Debug|Any CPU.Build.0 = Debug|Any CPU
		{2BCEACE8-3E0B-4A2D-A115-F5034EFC5337}.Release|Any CPU.ActiveCfg = Release|Any CPU
		{2BCEACE8-3E0B-4A2D-A115-F5034EFC5337}.Release|Any CPU.Build.0 = Release|Any CPU
	EndGlobalSection
	GlobalSection(SolutionProperties) = preSolution
		HideSolutionNode = FALSE
	EndGlobalSection
	GlobalSection(ExtensibilityGlobals) = postSolution
		SolutionGuid = {F3C5EAE4-EC26-4886-9A8C-47EDAE2A70E9}
	EndGlobalSection
EndGlobal
